// !$*UTF8*$!
{
	archiveVersion = 1;
	classes = {
	};
	objectVersion = 50;
	objects = {

/* Begin PBXBuildFile section */
		5A69A59E237F03DE007E0274 /* AppDelegate.swift in Sources */ = {isa = PBXBuildFile; fileRef = 5A69A59D237F03DE007E0274 /* AppDelegate.swift */; };
		5A69A5A3237F03DE007E0274 /* Main.storyboard in Resources */ = {isa = PBXBuildFile; fileRef = 5A69A5A1237F03DE007E0274 /* Main.storyboard */; };
		5A69A5A6237F03DE007E0274 /* ShoppingList.xcdatamodeld in Sources */ = {isa = PBXBuildFile; fileRef = 5A69A5A4237F03DE007E0274 /* ShoppingList.xcdatamodeld */; };
		5A69A5A8237F03E0007E0274 /* Assets.xcassets in Resources */ = {isa = PBXBuildFile; fileRef = 5A69A5A7237F03E0007E0274 /* Assets.xcassets */; };
		5A69A5AB237F03E0007E0274 /* LaunchScreen.storyboard in Resources */ = {isa = PBXBuildFile; fileRef = 5A69A5A9237F03E0007E0274 /* LaunchScreen.storyboard */; };
		5A69A5B5237F0495007E0274 /* ShoppingListTableViewController.swift in Sources */ = {isa = PBXBuildFile; fileRef = 5A69A5B4237F0495007E0274 /* ShoppingListTableViewController.swift */; };
		5A69A5B7237F0513007E0274 /* CoreDataStack.swift in Sources */ = {isa = PBXBuildFile; fileRef = 5A69A5B6237F0513007E0274 /* CoreDataStack.swift */; };
		5A69A5B9237F0540007E0274 /* ShoppingList+Convience.swift in Sources */ = {isa = PBXBuildFile; fileRef = 5A69A5B8237F0540007E0274 /* ShoppingList+Convience.swift */; };
		5A69A5BB237F0685007E0274 /* ShoppingListController.swift in Sources */ = {isa = PBXBuildFile; fileRef = 5A69A5BA237F0685007E0274 /* ShoppingListController.swift */; };
		5A69A5BD237F1309007E0274 /* ItemTableViewCell.swift in Sources */ = {isa = PBXBuildFile; fileRef = 5A69A5BC237F1309007E0274 /* ItemTableViewCell.swift */; };
/* End PBXBuildFile section */

/* Begin PBXFileReference section */
		5A69A59A237F03DE007E0274 /* ShoppingList.app */ = {isa = PBXFileReference; explicitFileType = wrapper.application; includeInIndex = 0; path = ShoppingList.app; sourceTree = BUILT_PRODUCTS_DIR; };
		5A69A59D237F03DE007E0274 /* AppDelegate.swift */ = {isa = PBXFileReference; lastKnownFileType = sourcecode.swift; path = AppDelegate.swift; sourceTree = "<group>"; };
		5A69A5A2237F03DE007E0274 /* Base */ = {isa = PBXFileReference; lastKnownFileType = file.storyboard; name = Base; path = Base.lproj/Main.storyboard; sourceTree = "<group>"; };
		5A69A5A5237F03DE007E0274 /* ShoppingList.xcdatamodel */ = {isa = PBXFileReference; lastKnownFileType = wrapper.xcdatamodel; path = ShoppingList.xcdatamodel; sourceTree = "<group>"; };
		5A69A5A7237F03E0007E0274 /* Assets.xcassets */ = {isa = PBXFileReference; lastKnownFileType = folder.assetcatalog; path = Assets.xcassets; sourceTree = "<group>"; };
		5A69A5AA237F03E0007E0274 /* Base */ = {isa = PBXFileReference; lastKnownFileType = file.storyboard; name = Base; path = Base.lproj/LaunchScreen.storyboard; sourceTree = "<group>"; };
		5A69A5AC237F03E0007E0274 /* Info.plist */ = {isa = PBXFileReference; lastKnownFileType = text.plist.xml; path = Info.plist; sourceTree = "<group>"; };
		5A69A5B4237F0495007E0274 /* ShoppingListTableViewController.swift */ = {isa = PBXFileReference; lastKnownFileType = sourcecode.swift; path = ShoppingListTableViewController.swift; sourceTree = "<group>"; };
		5A69A5B6237F0513007E0274 /* CoreDataStack.swift */ = {isa = PBXFileReference; lastKnownFileType = sourcecode.swift; path = CoreDataStack.swift; sourceTree = "<group>"; };
		5A69A5B8237F0540007E0274 /* ShoppingList+Convience.swift */ = {isa = PBXFileReference; lastKnownFileType = sourcecode.swift; path = "ShoppingList+Convience.swift"; sourceTree = "<group>"; };
		5A69A5BA237F0685007E0274 /* ShoppingListController.swift */ = {isa = PBXFileReference; lastKnownFileType = sourcecode.swift; path = ShoppingListController.swift; sourceTree = "<group>"; };
		5A69A5BC237F1309007E0274 /* ItemTableViewCell.swift */ = {isa = PBXFileReference; lastKnownFileType = sourcecode.swift; path = ItemTableViewCell.swift; sourceTree = "<group>"; };
/* End PBXFileReference section */

/* Begin PBXFrameworksBuildPhase section */
		5A69A597237F03DE007E0274 /* Frameworks */ = {
			isa = PBXFrameworksBuildPhase;
			buildActionMask = 2147483647;
			files = (
			);
			runOnlyForDeploymentPostprocessing = 0;
		};
/* End PBXFrameworksBuildPhase section */

/* Begin PBXGroup section */
		5A69A591237F03DE007E0274 = {
			isa = PBXGroup;
			children = (
				5A69A59C237F03DE007E0274 /* ShoppingList */,
				5A69A59B237F03DE007E0274 /* Products */,
			);
			sourceTree = "<group>";
		};
		5A69A59B237F03DE007E0274 /* Products */ = {
			isa = PBXGroup;
			children = (
				5A69A59A237F03DE007E0274 /* ShoppingList.app */,
			);
			name = Products;
			sourceTree = "<group>";
		};
		5A69A59C237F03DE007E0274 /* ShoppingList */ = {
			isa = PBXGroup;
			children = (
				5A69A5A1237F03DE007E0274 /* Main.storyboard */,
				5A69A5BE237F1A3F007E0274 /* Model */,
				5A69A5C0237F1A59007E0274 /* Views */,
				5A69A5BF237F1A4B007E0274 /* Controller */,
				5A69A59D237F03DE007E0274 /* AppDelegate.swift */,
				5A69A5A7237F03E0007E0274 /* Assets.xcassets */,
				5A69A5A9237F03E0007E0274 /* LaunchScreen.storyboard */,
				5A69A5AC237F03E0007E0274 /* Info.plist */,
			);
			path = ShoppingList;
			sourceTree = "<group>";
		};
		5A69A5BE237F1A3F007E0274 /* Model */ = {
			isa = PBXGroup;
			children = (
				5A69A5A4237F03DE007E0274 /* ShoppingList.xcdatamodeld */,
				5A69A5B6237F0513007E0274 /* CoreDataStack.swift */,
				5A69A5B8237F0540007E0274 /* ShoppingList+Convience.swift */,
			);
			path = Model;
			sourceTree = "<group>";
		};
		5A69A5BF237F1A4B007E0274 /* Controller */ = {
			isa = PBXGroup;
			children = (
				5A69A5BA237F0685007E0274 /* ShoppingListController.swift */,
			);
			path = Controller;
			sourceTree = "<group>";
		};
		5A69A5C0237F1A59007E0274 /* Views */ = {
			isa = PBXGroup;
			children = (
				5A69A5B4237F0495007E0274 /* ShoppingListTableViewController.swift */,
				5A69A5BC237F1309007E0274 /* ItemTableViewCell.swift */,
			);
			path = Views;
			sourceTree = "<group>";
		};
/* End PBXGroup section */

/* Begin PBXNativeTarget section */
		5A69A599237F03DE007E0274 /* ShoppingList */ = {
			isa = PBXNativeTarget;
			buildConfigurationList = 5A69A5AF237F03E0007E0274 /* Build configuration list for PBXNativeTarget "ShoppingList" */;
			buildPhases = (
				5A69A596237F03DE007E0274 /* Sources */,
				5A69A597237F03DE007E0274 /* Frameworks */,
				5A69A598237F03DE007E0274 /* Resources */,
			);
			buildRules = (
			);
			dependencies = (
			);
			name = ShoppingList;
			productName = ShoppingList;
			productReference = 5A69A59A237F03DE007E0274 /* ShoppingList.app */;
			productType = "com.apple.product-type.application";
		};
/* End PBXNativeTarget section */

/* Begin PBXProject section */
		5A69A592237F03DE007E0274 /* Project object */ = {
			isa = PBXProject;
			attributes = {
				LastSwiftUpdateCheck = 1030;
				LastUpgradeCheck = 1030;
				ORGANIZATIONNAME = "tyson ericksen";
				TargetAttributes = {
					5A69A599237F03DE007E0274 = {
						CreatedOnToolsVersion = 10.3;
					};
				};
			};
			buildConfigurationList = 5A69A595237F03DE007E0274 /* Build configuration list for PBXProject "ShoppingList" */;
			compatibilityVersion = "Xcode 9.3";
			developmentRegion = en;
			hasScannedForEncodings = 0;
			knownRegions = (
				en,
				Base,
			);
			mainGroup = 5A69A591237F03DE007E0274;
			productRefGroup = 5A69A59B237F03DE007E0274 /* Products */;
			projectDirPath = "";
			projectRoot = "";
			targets = (
				5A69A599237F03DE007E0274 /* ShoppingList */,
			);
		};
/* End PBXProject section */

/* Begin PBXResourcesBuildPhase section */
		5A69A598237F03DE007E0274 /* Resources */ = {
			isa = PBXResourcesBuildPhase;
			buildActionMask = 2147483647;
			files = (
				5A69A5AB237F03E0007E0274 /* LaunchScreen.storyboard in Resources */,
				5A69A5A8237F03E0007E0274 /* Assets.xcassets in Resources */,
				5A69A5A3237F03DE007E0274 /* Main.storyboard in Resources */,
			);
			runOnlyForDeploymentPostprocessing = 0;
		};
/* End PBXResourcesBuildPhase section */

/* Begin PBXSourcesBuildPhase section */
		5A69A596237F03DE007E0274 /* Sources */ = {
			isa = PBXSourcesBuildPhase;
			buildActionMask = 2147483647;
			files = (
				5A69A5A6237F03DE007E0274 /* ShoppingList.xcdatamodeld in Sources */,
				5A69A5BB237F0685007E0274 /* ShoppingListController.swift in Sources */,
				5A69A59E237F03DE007E0274 /* AppDelegate.swift in Sources */,
				5A69A5B9237F0540007E0274 /* ShoppingList+Convience.swift in Sources */,
				5A69A5B5237F0495007E0274 /* ShoppingListTableViewController.swift in Sources */,
				5A69A5BD237F1309007E0274 /* ItemTableViewCell.swift in Sources */,
				5A69A5B7237F0513007E0274 /* CoreDataStack.swift in Sources */,
			);
			runOnlyForDeploymentPostprocessing = 0;
		};
/* End PBXSourcesBuildPhase section */

/* Begin PBXVariantGroup section */
		5A69A5A1237F03DE007E0274 /* Main.storyboard */ = {
			isa = PBXVariantGroup;
			children = (
				5A69A5A2237F03DE007E0274 /* Base */,
			);
			name = Main.storyboard;
			sourceTree = "<group>";
		};
		5A69A5A9237F03E0007E0274 /* LaunchScreen.storyboard */ = {
			isa = PBXVariantGroup;
			children = (
				5A69A5AA237F03E0007E0274 /* Base */,
			);
			name = LaunchScreen.storyboard;
			sourceTree = "<group>";
		};
/* End PBXVariantGroup section */

/* Begin XCBuildConfiguration section */
		5A69A5AD237F03E0007E0274 /* Debug */ = {
			isa = XCBuildConfiguration;
			buildSettings = {
				ALWAYS_SEARCH_USER_PATHS = NO;
				CLANG_ANALYZER_NONNULL = YES;
				CLANG_ANALYZER_NUMBER_OBJECT_CONVERSION = YES_AGGRESSIVE;
				CLANG_CXX_LANGUAGE_STANDARD = "gnu++14";
				CLANG_CXX_LIBRARY = "libc++";
				CLANG_ENABLE_MODULES = YES;
				CLANG_ENABLE_OBJC_ARC = YES;
				CLANG_ENABLE_OBJC_WEAK = YES;
				CLANG_WARN_BLOCK_CAPTURE_AUTORELEASING = YES;
				CLANG_WARN_BOOL_CONVERSION = YES;
				CLANG_WARN_COMMA = YES;
				CLANG_WARN_CONSTANT_CONVERSION = YES;
				CLANG_WARN_DEPRECATED_OBJC_IMPLEMENTATIONS = YES;
				CLANG_WARN_DIRECT_OBJC_ISA_USAGE = YES_ERROR;
				CLANG_WARN_DOCUMENTATION_COMMENTS = YES;
				CLANG_WARN_EMPTY_BODY = YES;
				CLANG_WARN_ENUM_CONVERSION = YES;
				CLANG_WARN_INFINITE_RECURSION = YES;
				CLANG_WARN_INT_CONVERSION = YES;
				CLANG_WARN_NON_LITERAL_NULL_CONVERSION = YES;
				CLANG_WARN_OBJC_IMPLICIT_RETAIN_SELF = YES;
				CLANG_WARN_OBJC_LITERAL_CONVERSION = YES;
				CLANG_WARN_OBJC_ROOT_CLASS = YES_ERROR;
				CLANG_WARN_RANGE_LOOP_ANALYSIS = YES;
				CLANG_WARN_STRICT_PROTOTYPES = YES;
				CLANG_WARN_SUSPICIOUS_MOVE = YES;
				CLANG_WARN_UNGUARDED_AVAILABILITY = YES_AGGRESSIVE;
				CLANG_WARN_UNREACHABLE_CODE = YES;
				CLANG_WARN__DUPLICATE_METHOD_MATCH = YES;
				CODE_SIGN_IDENTITY = "iPhone Developer";
				COPY_PHASE_STRIP = NO;
				DEBUG_INFORMATION_FORMAT = dwarf;
				ENABLE_STRICT_OBJC_MSGSEND = YES;
				ENABLE_TESTABILITY = YES;
				GCC_C_LANGUAGE_STANDARD = gnu11;
				GCC_DYNAMIC_NO_PIC = NO;
				GCC_NO_COMMON_BLOCKS = YES;
				GCC_OPTIMIZATION_LEVEL = 0;
				GCC_PREPROCESSOR_DEFINITIONS = (
					"DEBUG=1",
					"$(inherited)",
				);
				GCC_WARN_64_TO_32_BIT_CONVERSION = YES;
				GCC_WARN_ABOUT_RETURN_TYPE = YES_ERROR;
				GCC_WARN_UNDECLARED_SELECTOR = YES;
				GCC_WARN_UNINITIALIZED_AUTOS = YES_AGGRESSIVE;
				GCC_WARN_UNUSED_FUNCTION = YES;
				GCC_WARN_UNUSED_VARIABLE = YES;
				IPHONEOS_DEPLOYMENT_TARGET = 12.4;
				MTL_ENABLE_DEBUG_INFO = INCLUDE_SOURCE;
				MTL_FAST_MATH = YES;
				ONLY_ACTIVE_ARCH = YES;
				SDKROOT = iphoneos;
				SWIFT_ACTIVE_COMPILATION_CONDITIONS = DEBUG;
				SWIFT_OPTIMIZATION_LEVEL = "-Onone";
			};
			name = Debug;
		};
		5A69A5AE237F03E0007E0274 /* Release */ = {
			isa = XCBuildConfiguration;
			buildSettings = {
				ALWAYS_SEARCH_USER_PATHS = NO;
				CLANG_ANALYZER_NONNULL = YES;
				CLANG_ANALYZER_NUMBER_OBJECT_CONVERSION = YES_AGGRESSIVE;
				CLANG_CXX_LANGUAGE_STANDARD = "gnu++14";
				CLANG_CXX_LIBRARY = "libc++";
				CLANG_ENABLE_MODULES = YES;
				CLANG_ENABLE_OBJC_ARC = YES;
				CLANG_ENABLE_OBJC_WEAK = YES;
				CLANG_WARN_BLOCK_CAPTURE_AUTORELEASING = YES;
				CLANG_WARN_BOOL_CONVERSION = YES;
				CLANG_WARN_COMMA = YES;
				CLANG_WARN_CONSTANT_CONVERSION = YES;
				CLANG_WARN_DEPRECATED_OBJC_IMPLEMENTATIONS = YES;
				CLANG_WARN_DIRECT_OBJC_ISA_USAGE = YES_ERROR;
				CLANG_WARN_DOCUMENTATION_COMMENTS = YES;
				CLANG_WARN_EMPTY_BODY = YES;
				CLANG_WARN_ENUM_CONVERSION = YES;
				CLANG_WARN_INFINITE_RECURSION = YES;
				CLANG_WARN_INT_CONVERSION = YES;
				CLANG_WARN_NON_LITERAL_NULL_CONVERSION = YES;
				CLANG_WARN_OBJC_IMPLICIT_RETAIN_SELF = YES;
				CLANG_WARN_OBJC_LITERAL_CONVERSION = YES;
				CLANG_WARN_OBJC_ROOT_CLASS = YES_ERROR;
				CLANG_WARN_RANGE_LOOP_ANALYSIS = YES;
				CLANG_WARN_STRICT_PROTOTYPES = YES;
				CLANG_WARN_SUSPICIOUS_MOVE = YES;
				CLANG_WARN_UNGUARDED_AVAILABILITY = YES_AGGRESSIVE;
				CLANG_WARN_UNREACHABLE_CODE = YES;
				CLANG_WARN__DUPLICATE_METHOD_MATCH = YES;
				CODE_SIGN_IDENTITY = "iPhone Developer";
				COPY_PHASE_STRIP = NO;
				DEBUG_INFORMATION_FORMAT = "dwarf-with-dsym";
				ENABLE_NS_ASSERTIONS = NO;
				ENABLE_STRICT_OBJC_MSGSEND = YES;
				GCC_C_LANGUAGE_STANDARD = gnu11;
				GCC_NO_COMMON_BLOCKS = YES;
				GCC_WARN_64_TO_32_BIT_CONVERSION = YES;
				GCC_WARN_ABOUT_RETURN_TYPE = YES_ERROR;
				GCC_WARN_UNDECLARED_SELECTOR = YES;
				GCC_WARN_UNINITIALIZED_AUTOS = YES_AGGRESSIVE;
				GCC_WARN_UNUSED_FUNCTION = YES;
				GCC_WARN_UNUSED_VARIABLE = YES;
				IPHONEOS_DEPLOYMENT_TARGET = 12.4;
				MTL_ENABLE_DEBUG_INFO = NO;
				MTL_FAST_MATH = YES;
				SDKROOT = iphoneos;
				SWIFT_COMPILATION_MODE = wholemodule;
				SWIFT_OPTIMIZATION_LEVEL = "-O";
				VALIDATE_PRODUCT = YES;
			};
			name = Release;
		};
		5A69A5B0237F03E0007E0274 /* Debug */ = {
			isa = XCBuildConfiguration;
			buildSettings = {
				ASSETCATALOG_COMPILER_APPICON_NAME = AppIcon;
				CODE_SIGN_STYLE = Automatic;
				DEVELOPMENT_TEAM = 466B3S7A6F;
				INFOPLIST_FILE = ShoppingList/Info.plist;
				LD_RUNPATH_SEARCH_PATHS = (
					"$(inherited)",
					"@executable_path/Frameworks",
				);
				PRODUCT_BUNDLE_IDENTIFIER = com.lokireleased.ShoppingList;
				PRODUCT_NAME = "$(TARGET_NAME)";
				SWIFT_VERSION = 5.0;
				TARGETED_DEVICE_FAMILY = "1,2";
			};
			name = Debug;
		};
		5A69A5B1237F03E0007E0274 /* Release */ = {
			isa = XCBuildConfiguration;
			buildSettings = {
				ASSETCATALOG_COMPILER_APPICON_NAME = AppIcon;
				CODE_SIGN_STYLE = Automatic;
				DEVELOPMENT_TEAM = 466B3S7A6F;
				INFOPLIST_FILE = ShoppingList/Info.plist;
				LD_RUNPATH_SEARCH_PATHS = (
					"$(inherited)",
					"@executable_path/Frameworks",
				);
				PRODUCT_BUNDLE_IDENTIFIER = com.lokireleased.ShoppingList;
				PRODUCT_NAME = "$(TARGET_NAME)";
				SWIFT_VERSION = 5.0;
				TARGETED_DEVICE_FAMILY = "1,2";
			};
			name = Release;
		};
/* End XCBuildConfiguration section */

/* Begin XCConfigurationList section */
		5A69A595237F03DE007E0274 /* Build configuration list for PBXProject "ShoppingList" */ = {
			isa = XCConfigurationList;
			buildConfigurations = (
				5A69A5AD237F03E0007E0274 /* Debug */,
				5A69A5AE237F03E0007E0274 /* Release */,
			);
			defaultConfigurationIsVisible = 0;
			defaultConfigurationName = Release;
		};
		5A69A5AF237F03E0007E0274 /* Build configuration list for PBXNativeTarget "ShoppingList" */ = {
			isa = XCConfigurationList;
			buildConfigurations = (
				5A69A5B0237F03E0007E0274 /* Debug */,
				5A69A5B1237F03E0007E0274 /* Release */,
			);
			defaultConfigurationIsVisible = 0;
			defaultConfigurationName = Release;
		};
/* End XCConfigurationList section */

/* Begin XCVersionGroup section */
		5A69A5A4237F03DE007E0274 /* ShoppingList.xcdatamodeld */ = {
			isa = XCVersionGroup;
			children = (
				5A69A5A5237F03DE007E0274 /* ShoppingList.xcdatamodel */,
			);
			currentVersion = 5A69A5A5237F03DE007E0274 /* ShoppingList.xcdatamodel */;
			path = ShoppingList.xcdatamodeld;
			sourceTree = "<group>";
			versionGroupType = wrapper.xcdatamodel;
		};
/* End XCVersionGroup section */
	};
	rootObject = 5A69A592237F03DE007E0274 /* Project object */;
}
